
Microsoft Visual Studio Solution File, Format Version 12.00
# Visual Studio 14
VisualStudioVersion = 14.0.25420.1
MinimumVisualStudioVersion = 10.0.40219.1
Project("{FAE04EC0-301F-11D3-BF4B-00C04F79EFBC}") = "Arkitektum.NorgesAPI", "Arkitektum.NorgesAPI\Arkitektum.NorgesAPI.csproj", "{DB9CE22A-96B7-4AEB-9C10-64259785F0A6}"
EndProject
Project("{FAE04EC0-301F-11D3-BF4B-00C04F79EFBC}") = "Arkitektum.NorgesAPI.Tests", "Arkitektum.NorgesAPI.Tests\Arkitektum.NorgesAPI.Tests.csproj", "{B1F1ED4E-30E4-476D-9B6E-3897433EC043}"
EndProject
Project("{FAE04EC0-301F-11D3-BF4B-00C04F79EFBC}") = "Sample.ConsoleApp", "Sample.ConsoleApp\Sample.ConsoleApp.csproj", "{920331BD-B4EC-4347-9063-33C4E30B97E7}"
EndProject
Global
	GlobalSection(SolutionConfigurationPlatforms) = preSolution
		Debug|Any CPU = Debug|Any CPU
		Release|Any CPU = Release|Any CPU
	EndGlobalSection
	GlobalSection(ProjectConfigurationPlatforms) = postSolution
		{DB9CE22A-96B7-4AEB-9C10-64259785F0A6}.Debug|Any CPU.ActiveCfg = Debug|Any CPU
		{DB9CE22A-96B7-4AEB-9C10-64259785F0A6}.Debug|Any CPU.Build.0 = Debug|Any CPU
		{DB9CE22A-96B7-4AEB-9C10-64259785F0A6}.Release|Any CPU.ActiveCfg = Release|Any CPU
		{DB9CE22A-96B7-4AEB-9C10-64259785F0A6}.Release|Any CPU.Build.0 = Release|Any CPU
		{B1F1ED4E-30E4-476D-9B6E-3897433EC043}.Debug|Any CPU.ActiveCfg = Debug|Any CPU
		{B1F1ED4E-30E4-476D-9B6E-3897433EC043}.Debug|Any CPU.Build.0 = Debug|Any CPU
		{B1F1ED4E-30E4-476D-9B6E-3897433EC043}.Release|Any CPU.ActiveCfg = Release|Any CPU
		{B1F1ED4E-30E4-476D-9B6E-3897433EC043}.Release|Any CPU.Build.0 = Release|Any CPU
		{920331BD-B4EC-4347-9063-33C4E30B97E7}.Debug|Any CPU.ActiveCfg = Debug|Any CPU
		{920331BD-B4EC-4347-9063-33C4E30B97E7}.Debug|Any CPU.Build.0 = Debug|Any CPU
		{920331BD-B4EC-4347-9063-33C4E30B97E7}.Release|Any CPU.ActiveCfg = Release|Any CPU
		{920331BD-B4EC-4347-9063-33C4E30B97E7}.Release|Any CPU.Build.0 = Release|Any CPU
	EndGlobalSection
	GlobalSection(SolutionProperties) = preSolution
		HideSolutionNode = FALSE
	EndGlobalSection
EndGlobal
